<?xml version="1.0" encoding="utf-8"?>
<Project ToolsVersion="4.0" xmlns="http://schemas.microsoft.com/developer/msbuild/2003">
  <ItemGroup>
    <Filter Include="QCat">
      <UniqueIdentifier>{2EA48A7C-1ADB-8B0D-C3C7-7110AFDD070F}</UniqueIdentifier>
    </Filter>
  </ItemGroup>
  <ItemGroup>
    <ClInclude Include="src\QCat.h" />
    <ClInclude Include="src\QCat\Application.h">
      <Filter>QCat</Filter>
    </ClInclude>
    <ClInclude Include="src\QCat\EntryPoint.h">
      <Filter>QCat</Filter>
    </ClInclude>
    <ClInclude Include="src\QCat\Log.h">
      <Filter>QCat</Filter>
    </ClInclude>
    <ClInclude Include="src\QCat\QCatCore.h">
      <Filter>QCat</Filter>
    </ClInclude>
  </ItemGroup>
  <ItemGroup>
    <ClCompile Include="src\QCat\Application.cpp">
      <Filter>QCat</Filter>
    </ClCompile>
    <ClCompile Include="src\QCat\Log.cpp">
      <Filter>QCat</Filter>
    </ClCompile>
  </ItemGroup>
</Project>